# This file was autogenerated by Stack.
# You should not edit this file by hand.
# For more information, please see the documentation at:
#   https://docs.haskellstack.org/en/stable/lock_files

packages:
- completed:
    hackage: servant-quickcheck-0.0.7.4@sha256:a981a06792e9547d13fa2f9f0f55ba46d28113881a0661e49016c18d9e6358cc,3776
    pantry-tree:
      size: 976
      sha256: 652ea0bf673822956b0e87b7fcb5e35023299f3e1711462e4a3493e233728fb9
  original:
    hackage: servant-quickcheck-0.0.7.4
snapshots:
- completed:
    size: 525876
    url: https://raw.githubusercontent.com/commercialhaskell/stackage-snapshots/master/lts/14/13.yaml
    sha256: 4a0e79eb194c937cc2a1852ff84d983c63ac348dc6bad5f38d20cab697036eef
  original: lts-14.13
